// !$*UTF8*$!
{
	archiveVersion = 1;
	classes = {
	};
	objectVersion = 56;
	objects = {

/* Begin PBXBuildFile section */
		6AF58BCF2C64EC4700C65C3B /* AppDelegate.swift in Sources */ = {isa = PBXBuildFile; fileRef = 6AF58BCE2C64EC4700C65C3B /* AppDelegate.swift */; };
		6AF58BD12C64EC4700C65C3B /* SceneDelegate.swift in Sources */ = {isa = PBXBuildFile; fileRef = 6AF58BD02C64EC4700C65C3B /* SceneDelegate.swift */; };
		6AF58BD32C64EC4700C65C3B /* ViewController.swift in Sources */ = {isa = PBXBuildFile; fileRef = 6AF58BD22C64EC4700C65C3B /* ViewController.swift */; };
		6AF58BD62C64EC4700C65C3B /* Base in Resources */ = {isa = PBXBuildFile; fileRef = 6AF58BD52C64EC4700C65C3B /* Base */; };
		6AF58BD82C64EC4800C65C3B /* Assets.xcassets in Resources */ = {isa = PBXBuildFile; fileRef = 6AF58BD72C64EC4800C65C3B /* Assets.xcassets */; };
		6AF58BDB2C64EC4800C65C3B /* Base in Resources */ = {isa = PBXBuildFile; fileRef = 6AF58BDA2C64EC4800C65C3B /* Base */; };
		6AF58BE62C64EC4800C65C3B /* TableViewIndexTests.swift in Sources */ = {isa = PBXBuildFile; fileRef = 6AF58BE52C64EC4800C65C3B /* TableViewIndexTests.swift */; };
		6AF58BF02C64EC4800C65C3B /* TableViewIndexUITests.swift in Sources */ = {isa = PBXBuildFile; fileRef = 6AF58BEF2C64EC4800C65C3B /* TableViewIndexUITests.swift */; };
		6AF58BF22C64EC4800C65C3B /* TableViewIndexUITestsLaunchTests.swift in Sources */ = {isa = PBXBuildFile; fileRef = 6AF58BF12C64EC4800C65C3B /* TableViewIndexUITestsLaunchTests.swift */; };
/* End PBXBuildFile section */

/* Begin PBXContainerItemProxy section */
		6AF58BE22C64EC4800C65C3B /* PBXContainerItemProxy */ = {
			isa = PBXContainerItemProxy;
			containerPortal = 6AF58BC32C64EC4700C65C3B /* Project object */;
			proxyType = 1;
			remoteGlobalIDString = 6AF58BCA2C64EC4700C65C3B;
			remoteInfo = TableViewIndex;
		};
		6AF58BEC2C64EC4800C65C3B /* PBXContainerItemProxy */ = {
			isa = PBXContainerItemProxy;
			containerPortal = 6AF58BC32C64EC4700C65C3B /* Project object */;
			proxyType = 1;
			remoteGlobalIDString = 6AF58BCA2C64EC4700C65C3B;
			remoteInfo = TableViewIndex;
		};
/* End PBXContainerItemProxy section */

/* Begin PBXFileReference section */
		6AF58BCB2C64EC4700C65C3B /* TableViewIndex.app */ = {isa = PBXFileReference; explicitFileType = wrapper.application; includeInIndex = 0; path = TableViewIndex.app; sourceTree = BUILT_PRODUCTS_DIR; };
		6AF58BCE2C64EC4700C65C3B /* AppDelegate.swift */ = {isa = PBXFileReference; lastKnownFileType = sourcecode.swift; path = AppDelegate.swift; sourceTree = "<group>"; };
		6AF58BD02C64EC4700C65C3B /* SceneDelegate.swift */ = {isa = PBXFileReference; lastKnownFileType = sourcecode.swift; path = SceneDelegate.swift; sourceTree = "<group>"; };
		6AF58BD22C64EC4700C65C3B /* ViewController.swift */ = {isa = PBXFileReference; lastKnownFileType = sourcecode.swift; path = ViewController.swift; sourceTree = "<group>"; };
		6AF58BD52C64EC4700C65C3B /* Base */ = {isa = PBXFileReference; lastKnownFileType = file.storyboard; name = Base; path = Base.lproj/Main.storyboard; sourceTree = "<group>"; };
		6AF58BD72C64EC4800C65C3B /* Assets.xcassets */ = {isa = PBXFileReference; lastKnownFileType = folder.assetcatalog; path = Assets.xcassets; sourceTree = "<group>"; };
		6AF58BDA2C64EC4800C65C3B /* Base */ = {isa = PBXFileReference; lastKnownFileType = file.storyboard; name = Base; path = Base.lproj/LaunchScreen.storyboard; sourceTree = "<group>"; };
		6AF58BDC2C64EC4800C65C3B /* Info.plist */ = {isa = PBXFileReference; lastKnownFileType = text.plist.xml; path = Info.plist; sourceTree = "<group>"; };
		6AF58BE12C64EC4800C65C3B /* TableViewIndexTests.xctest */ = {isa = PBXFileReference; explicitFileType = wrapper.cfbundle; includeInIndex = 0; path = TableViewIndexTests.xctest; sourceTree = BUILT_PRODUCTS_DIR; };
		6AF58BE52C64EC4800C65C3B /* TableViewIndexTests.swift */ = {isa = PBXFileReference; lastKnownFileType = sourcecode.swift; path = TableViewIndexTests.swift; sourceTree = "<group>"; };
		6AF58BEB2C64EC4800C65C3B /* TableViewIndexUITests.xctest */ = {isa = PBXFileReference; explicitFileType = wrapper.cfbundle; includeInIndex = 0; path = TableViewIndexUITests.xctest; sourceTree = BUILT_PRODUCTS_DIR; };
		6AF58BEF2C64EC4800C65C3B /* TableViewIndexUITests.swift */ = {isa = PBXFileReference; lastKnownFileType = sourcecode.swift; path = TableViewIndexUITests.swift; sourceTree = "<group>"; };
		6AF58BF12C64EC4800C65C3B /* TableViewIndexUITestsLaunchTests.swift */ = {isa = PBXFileReference; lastKnownFileType = sourcecode.swift; path = TableViewIndexUITestsLaunchTests.swift; sourceTree = "<group>"; };
/* End PBXFileReference section */

/* Begin PBXFrameworksBuildPhase section */
		6AF58BC82C64EC4700C65C3B /* Frameworks */ = {
			isa = PBXFrameworksBuildPhase;
			buildActionMask = 2147483647;
			files = (
			);
			runOnlyForDeploymentPostprocessing = 0;
		};
		6AF58BDE2C64EC4800C65C3B /* Frameworks */ = {
			isa = PBXFrameworksBuildPhase;
			buildActionMask = 2147483647;
			files = (
			);
			runOnlyForDeploymentPostprocessing = 0;
		};
		6AF58BE82C64EC4800C65C3B /* Frameworks */ = {
			isa = PBXFrameworksBuildPhase;
			buildActionMask = 2147483647;
			files = (
			);
			runOnlyForDeploymentPostprocessing = 0;
		};
/* End PBXFrameworksBuildPhase section */

/* Begin PBXGroup section */
		6AF58BC22C64EC4700C65C3B = {
			isa = PBXGroup;
			children = (
				6AF58BCD2C64EC4700C65C3B /* TableViewIndex */,
				6AF58BE42C64EC4800C65C3B /* TableViewIndexTests */,
				6AF58BEE2C64EC4800C65C3B /* TableViewIndexUITests */,
				6AF58BCC2C64EC4700C65C3B /* Products */,
			);
			sourceTree = "<group>";
		};
		6AF58BCC2C64EC4700C65C3B /* Products */ = {
			isa = PBXGroup;
			children = (
				6AF58BCB2C64EC4700C65C3B /* TableViewIndex.app */,
				6AF58BE12C64EC4800C65C3B /* TableViewIndexTests.xctest */,
				6AF58BEB2C64EC4800C65C3B /* TableViewIndexUITests.xctest */,
			);
			name = Products;
			sourceTree = "<group>";
		};
		6AF58BCD2C64EC4700C65C3B /* TableViewIndex */ = {
			isa = PBXGroup;
			children = (
				6AF58BCE2C64EC4700C65C3B /* AppDelegate.swift */,
				6AF58BD02C64EC4700C65C3B /* SceneDelegate.swift */,
				6AF58BD22C64EC4700C65C3B /* ViewController.swift */,
				6AF58BD42C64EC4700C65C3B /* Main.storyboard */,
				6AF58BD72C64EC4800C65C3B /* Assets.xcassets */,
				6AF58BD92C64EC4800C65C3B /* LaunchScreen.storyboard */,
				6AF58BDC2C64EC4800C65C3B /* Info.plist */,
			);
			path = TableViewIndex;
			sourceTree = "<group>";
		};
		6AF58BE42C64EC4800C65C3B /* TableViewIndexTests */ = {
			isa = PBXGroup;
			children = (
				6AF58BE52C64EC4800C65C3B /* TableViewIndexTests.swift */,
			);
			path = TableViewIndexTests;
			sourceTree = "<group>";
		};
		6AF58BEE2C64EC4800C65C3B /* TableViewIndexUITests */ = {
			isa = PBXGroup;
			children = (
				6AF58BEF2C64EC4800C65C3B /* TableViewIndexUITests.swift */,
				6AF58BF12C64EC4800C65C3B /* TableViewIndexUITestsLaunchTests.swift */,
			);
			path = TableViewIndexUITests;
			sourceTree = "<group>";
		};
/* End PBXGroup section */

/* Begin PBXNativeTarget section */
		6AF58BCA2C64EC4700C65C3B /* TableViewIndex */ = {
			isa = PBXNativeTarget;
			buildConfigurationList = 6AF58BF52C64EC4800C65C3B /* Build configuration list for PBXNativeTarget "TableViewIndex" */;
			buildPhases = (
				6AF58BC72C64EC4700C65C3B /* Sources */,
				6AF58BC82C64EC4700C65C3B /* Frameworks */,
				6AF58BC92C64EC4700C65C3B /* Resources */,
			);
			buildRules = (
			);
			dependencies = (
			);
			name = TableViewIndex;
			productName = TableViewIndex;
			productReference = 6AF58BCB2C64EC4700C65C3B /* TableViewIndex.app */;
			productType = "com.apple.product-type.application";
		};
		6AF58BE02C64EC4800C65C3B /* TableViewIndexTests */ = {
			isa = PBXNativeTarget;
			buildConfigurationList = 6AF58BF82C64EC4800C65C3B /* Build configuration list for PBXNativeTarget "TableViewIndexTests" */;
			buildPhases = (
				6AF58BDD2C64EC4800C65C3B /* Sources */,
				6AF58BDE2C64EC4800C65C3B /* Frameworks */,
				6AF58BDF2C64EC4800C65C3B /* Resources */,
			);
			buildRules = (
			);
			dependencies = (
				6AF58BE32C64EC4800C65C3B /* PBXTargetDependency */,
			);
			name = TableViewIndexTests;
			productName = TableViewIndexTests;
			productReference = 6AF58BE12C64EC4800C65C3B /* TableViewIndexTests.xctest */;
			productType = "com.apple.product-type.bundle.unit-test";
		};
		6AF58BEA2C64EC4800C65C3B /* TableViewIndexUITests */ = {
			isa = PBXNativeTarget;
			buildConfigurationList = 6AF58BFB2C64EC4800C65C3B /* Build configuration list for PBXNativeTarget "TableViewIndexUITests" */;
			buildPhases = (
				6AF58BE72C64EC4800C65C3B /* Sources */,
				6AF58BE82C64EC4800C65C3B /* Frameworks */,
				6AF58BE92C64EC4800C65C3B /* Resources */,
			);
			buildRules = (
			);
			dependencies = (
				6AF58BED2C64EC4800C65C3B /* PBXTargetDependency */,
			);
			name = TableViewIndexUITests;
			productName = TableViewIndexUITests;
			productReference = 6AF58BEB2C64EC4800C65C3B /* TableViewIndexUITests.xctest */;
			productType = "com.apple.product-type.bundle.ui-testing";
		};
/* End PBXNativeTarget section */

/* Begin PBXProject section */
		6AF58BC32C64EC4700C65C3B /* Project object */ = {
			isa = PBXProject;
			attributes = {
				BuildIndependentTargetsInParallel = 1;
				LastSwiftUpdateCheck = 1540;
				LastUpgradeCheck = 1540;
				TargetAttributes = {
					6AF58BCA2C64EC4700C65C3B = {
						CreatedOnToolsVersion = 15.4;
					};
					6AF58BE02C64EC4800C65C3B = {
						CreatedOnToolsVersion = 15.4;
						TestTargetID = 6AF58BCA2C64EC4700C65C3B;
					};
					6AF58BEA2C64EC4800C65C3B = {
						CreatedOnToolsVersion = 15.4;
						TestTargetID = 6AF58BCA2C64EC4700C65C3B;
					};
				};
			};
			buildConfigurationList = 6AF58BC62C64EC4700C65C3B /* Build configuration list for PBXProject "TableViewIndex" */;
			compatibilityVersion = "Xcode 14.0";
			developmentRegion = en;
			hasScannedForEncodings = 0;
			knownRegions = (
				en,
				Base,
			);
			mainGroup = 6AF58BC22C64EC4700C65C3B;
			productRefGroup = 6AF58BCC2C64EC4700C65C3B /* Products */;
			projectDirPath = "";
			projectRoot = "";
			targets = (
				6AF58BCA2C64EC4700C65C3B /* TableViewIndex */,
				6AF58BE02C64EC4800C65C3B /* TableViewIndexTests */,
				6AF58BEA2C64EC4800C65C3B /* TableViewIndexUITests */,
			);
		};
/* End PBXProject section */

/* Begin PBXResourcesBuildPhase section */
		6AF58BC92C64EC4700C65C3B /* Resources */ = {
			isa = PBXResourcesBuildPhase;
			buildActionMask = 2147483647;
			files = (
				6AF58BD82C64EC4800C65C3B /* Assets.xcassets in Resources */,
				6AF58BDB2C64EC4800C65C3B /* Base in Resources */,
				6AF58BD62C64EC4700C65C3B /* Base in Resources */,
			);
			runOnlyForDeploymentPostprocessing = 0;
		};
		6AF58BDF2C64EC4800C65C3B /* Resources */ = {
			isa = PBXResourcesBuildPhase;
			buildActionMask = 2147483647;
			files = (
			);
			runOnlyForDeploymentPostprocessing = 0;
		};
		6AF58BE92C64EC4800C65C3B /* Resources */ = {
			isa = PBXResourcesBuildPhase;
			buildActionMask = 2147483647;
			files = (
			);
			runOnlyForDeploymentPostprocessing = 0;
		};
/* End PBXResourcesBuildPhase section */

/* Begin PBXSourcesBuildPhase section */
		6AF58BC72C64EC4700C65C3B /* Sources */ = {
			isa = PBXSourcesBuildPhase;
			buildActionMask = 2147483647;
			files = (
				6AF58BD32C64EC4700C65C3B /* ViewController.swift in Sources */,
				6AF58BCF2C64EC4700C65C3B /* AppDelegate.swift in Sources */,
				6AF58BD12C64EC4700C65C3B /* SceneDelegate.swift in Sources */,
			);
			runOnlyForDeploymentPostprocessing = 0;
		};
		6AF58BDD2C64EC4800C65C3B /* Sources */ = {
			isa = PBXSourcesBuildPhase;
			buildActionMask = 2147483647;
			files = (
				6AF58BE62C64EC4800C65C3B /* TableViewIndexTests.swift in Sources */,
			);
			runOnlyForDeploymentPostprocessing = 0;
		};
		6AF58BE72C64EC4800C65C3B /* Sources */ = {
			isa = PBXSourcesBuildPhase;
			buildActionMask = 2147483647;
			files = (
				6AF58BF02C64EC4800C65C3B /* TableViewIndexUITests.swift in Sources */,
				6AF58BF22C64EC4800C65C3B /* TableViewIndexUITestsLaunchTests.swift in Sources */,
			);
			runOnlyForDeploymentPostprocessing = 0;
		};
/* End PBXSourcesBuildPhase section */

/* Begin PBXTargetDependency section */
		6AF58BE32C64EC4800C65C3B /* PBXTargetDependency */ = {
			isa = PBXTargetDependency;
			target = 6AF58BCA2C64EC4700C65C3B /* TableViewIndex */;
			targetProxy = 6AF58BE22C64EC4800C65C3B /* PBXContainerItemProxy */;
		};
		6AF58BED2C64EC4800C65C3B /* PBXTargetDependency */ = {
			isa = PBXTargetDependency;
			target = 6AF58BCA2C64EC4700C65C3B /* TableViewIndex */;
			targetProxy = 6AF58BEC2C64EC4800C65C3B /* PBXContainerItemProxy */;
		};
/* End PBXTargetDependency section */

/* Begin PBXVariantGroup section */
		6AF58BD42C64EC4700C65C3B /* Main.storyboard */ = {
			isa = PBXVariantGroup;
			children = (
				6AF58BD52C64EC4700C65C3B /* Base */,
			);
			name = Main.storyboard;
			sourceTree = "<group>";
		};
		6AF58BD92C64EC4800C65C3B /* LaunchScreen.storyboard */ = {
			isa = PBXVariantGroup;
			children = (
				6AF58BDA2C64EC4800C65C3B /* Base */,
			);
			name = LaunchScreen.storyboard;
			sourceTree = "<group>";
		};
/* End PBXVariantGroup section */

/* Begin XCBuildConfiguration section */
		6AF58BF32C64EC4800C65C3B /* Debug */ = {
			isa = XCBuildConfiguration;
			buildSettings = {
				ALWAYS_SEARCH_USER_PATHS = NO;
				ASSETCATALOG_COMPILER_GENERATE_SWIFT_ASSET_SYMBOL_EXTENSIONS = YES;
				CLANG_ANALYZER_NONNULL = YES;
				CLANG_ANALYZER_NUMBER_OBJECT_CONVERSION = YES_AGGRESSIVE;
				CLANG_CXX_LANGUAGE_STANDARD = "gnu++20";
				CLANG_ENABLE_MODULES = YES;
				CLANG_ENABLE_OBJC_ARC = YES;
				CLANG_ENABLE_OBJC_WEAK = YES;
				CLANG_WARN_BLOCK_CAPTURE_AUTORELEASING = YES;
				CLANG_WARN_BOOL_CONVERSION = YES;
				CLANG_WARN_COMMA = YES;
				CLANG_WARN_CONSTANT_CONVERSION = YES;
				CLANG_WARN_DEPRECATED_OBJC_IMPLEMENTATIONS = YES;
				CLANG_WARN_DIRECT_OBJC_ISA_USAGE = YES_ERROR;
				CLANG_WARN_DOCUMENTATION_COMMENTS = YES;
				CLANG_WARN_EMPTY_BODY = YES;
				CLANG_WARN_ENUM_CONVERSION = YES;
				CLANG_WARN_INFINITE_RECURSION = YES;
				CLANG_WARN_INT_CONVERSION = YES;
				CLANG_WARN_NON_LITERAL_NULL_CONVERSION = YES;
				CLANG_WARN_OBJC_IMPLICIT_RETAIN_SELF = YES;
				CLANG_WARN_OBJC_LITERAL_CONVERSION = YES;
				CLANG_WARN_OBJC_ROOT_CLASS = YES_ERROR;
				CLANG_WARN_QUOTED_INCLUDE_IN_FRAMEWORK_HEADER = YES;
				CLANG_WARN_RANGE_LOOP_ANALYSIS = YES;
				CLANG_WARN_STRICT_PROTOTYPES = YES;
				CLANG_WARN_SUSPICIOUS_MOVE = YES;
				CLANG_WARN_UNGUARDED_AVAILABILITY = YES_AGGRESSIVE;
				CLANG_WARN_UNREACHABLE_CODE = YES;
				CLANG_WARN__DUPLICATE_METHOD_MATCH = YES;
				COPY_PHASE_STRIP = NO;
				DEBUG_INFORMATION_FORMAT = dwarf;
				ENABLE_STRICT_OBJC_MSGSEND = YES;
				ENABLE_TESTABILITY = YES;
				ENABLE_USER_SCRIPT_SANDBOXING = YES;
				GCC_C_LANGUAGE_STANDARD = gnu17;
				GCC_DYNAMIC_NO_PIC = NO;
				GCC_NO_COMMON_BLOCKS = YES;
				GCC_OPTIMIZATION_LEVEL = 0;
				GCC_PREPROCESSOR_DEFINITIONS = (
					"DEBUG=1",
					"$(inherited)",
				);
				GCC_WARN_64_TO_32_BIT_CONVERSION = YES;
				GCC_WARN_ABOUT_RETURN_TYPE = YES_ERROR;
				GCC_WARN_UNDECLARED_SELECTOR = YES;
				GCC_WARN_UNINITIALIZED_AUTOS = YES_AGGRESSIVE;
				GCC_WARN_UNUSED_FUNCTION = YES;
				GCC_WARN_UNUSED_VARIABLE = YES;
				IPHONEOS_DEPLOYMENT_TARGET = 17.5;
				LOCALIZATION_PREFERS_STRING_CATALOGS = YES;
				MTL_ENABLE_DEBUG_INFO = INCLUDE_SOURCE;
				MTL_FAST_MATH = YES;
				ONLY_ACTIVE_ARCH = YES;
				SDKROOT = iphoneos;
				SWIFT_ACTIVE_COMPILATION_CONDITIONS = "DEBUG $(inherited)";
				SWIFT_OPTIMIZATION_LEVEL = "-Onone";
			};
			name = Debug;
		};
		6AF58BF42C64EC4800C65C3B /* Release */ = {
			isa = XCBuildConfiguration;
			buildSettings = {
				ALWAYS_SEARCH_USER_PATHS = NO;
				ASSETCATALOG_COMPILER_GENERATE_SWIFT_ASSET_SYMBOL_EXTENSIONS = YES;
				CLANG_ANALYZER_NONNULL = YES;
				CLANG_ANALYZER_NUMBER_OBJECT_CONVERSION = YES_AGGRESSIVE;
				CLANG_CXX_LANGUAGE_STANDARD = "gnu++20";
				CLANG_ENABLE_MODULES = YES;
				CLANG_ENABLE_OBJC_ARC = YES;
				CLANG_ENABLE_OBJC_WEAK = YES;
				CLANG_WARN_BLOCK_CAPTURE_AUTORELEASING = YES;
				CLANG_WARN_BOOL_CONVERSION = YES;
				CLANG_WARN_COMMA = YES;
				CLANG_WARN_CONSTANT_CONVERSION = YES;
				CLANG_WARN_DEPRECATED_OBJC_IMPLEMENTATIONS = YES;
				CLANG_WARN_DIRECT_OBJC_ISA_USAGE = YES_ERROR;
				CLANG_WARN_DOCUMENTATION_COMMENTS = YES;
				CLANG_WARN_EMPTY_BODY = YES;
				CLANG_WARN_ENUM_CONVERSION = YES;
				CLANG_WARN_INFINITE_RECURSION = YES;
				CLANG_WARN_INT_CONVERSION = YES;
				CLANG_WARN_NON_LITERAL_NULL_CONVERSION = YES;
				CLANG_WARN_OBJC_IMPLICIT_RETAIN_SELF = YES;
				CLANG_WARN_OBJC_LITERAL_CONVERSION = YES;
				CLANG_WARN_OBJC_ROOT_CLASS = YES_ERROR;
				CLANG_WARN_QUOTED_INCLUDE_IN_FRAMEWORK_HEADER = YES;
				CLANG_WARN_RANGE_LOOP_ANALYSIS = YES;
				CLANG_WARN_STRICT_PROTOTYPES = YES;
				CLANG_WARN_SUSPICIOUS_MOVE = YES;
				CLANG_WARN_UNGUARDED_AVAILABILITY = YES_AGGRESSIVE;
				CLANG_WARN_UNREACHABLE_CODE = YES;
				CLANG_WARN__DUPLICATE_METHOD_MATCH = YES;
				COPY_PHASE_STRIP = NO;
				DEBUG_INFORMATION_FORMAT = "dwarf-with-dsym";
				ENABLE_NS_ASSERTIONS = NO;
				ENABLE_STRICT_OBJC_MSGSEND = YES;
				ENABLE_USER_SCRIPT_SANDBOXING = YES;
				GCC_C_LANGUAGE_STANDARD = gnu17;
				GCC_NO_COMMON_BLOCKS = YES;
				GCC_WARN_64_TO_32_BIT_CONVERSION = YES;
				GCC_WARN_ABOUT_RETURN_TYPE = YES_ERROR;
				GCC_WARN_UNDECLARED_SELECTOR = YES;
				GCC_WARN_UNINITIALIZED_AUTOS = YES_AGGRESSIVE;
				GCC_WARN_UNUSED_FUNCTION = YES;
				GCC_WARN_UNUSED_VARIABLE = YES;
				IPHONEOS_DEPLOYMENT_TARGET = 17.5;
				LOCALIZATION_PREFERS_STRING_CATALOGS = YES;
				MTL_ENABLE_DEBUG_INFO = NO;
				MTL_FAST_MATH = YES;
				SDKROOT = iphoneos;
				SWIFT_COMPILATION_MODE = wholemodule;
				VALIDATE_PRODUCT = YES;
			};
			name = Release;
		};
		6AF58BF62C64EC4800C65C3B /* Debug */ = {
			isa = XCBuildConfiguration;
			buildSettings = {
				ASSETCATALOG_COMPILER_APPICON_NAME = AppIcon;
				ASSETCATALOG_COMPILER_GLOBAL_ACCENT_COLOR_NAME = AccentColor;
				CODE_SIGN_STYLE = Automatic;
				CURRENT_PROJECT_VERSION = 1;
				DEVELOPMENT_TEAM = 244RFX44WS;
				GENERATE_INFOPLIST_FILE = YES;
				INFOPLIST_FILE = TableViewIndex/Info.plist;
				INFOPLIST_KEY_UIApplicationSupportsIndirectInputEvents = YES;
				INFOPLIST_KEY_UILaunchStoryboardName = LaunchScreen;
				INFOPLIST_KEY_UIMainStoryboardFile = Main;
				INFOPLIST_KEY_UISupportedInterfaceOrientations_iPad = "UIInterfaceOrientationPortrait UIInterfaceOrientationPortraitUpsideDown UIInterfaceOrientationLandscapeLeft UIInterfaceOrientationLandscapeRight";
				INFOPLIST_KEY_UISupportedInterfaceOrientations_iPhone = "UIInterfaceOrientationPortrait UIInterfaceOrientationLandscapeLeft UIInterfaceOrientationLandscapeRight";
				LD_RUNPATH_SEARCH_PATHS = (
					"$(inherited)",
					"@executable_path/Frameworks",
				);
				MARKETING_VERSION = 1.0;
				PRODUCT_BUNDLE_IDENTIFIER = Saadet.TableViewIndex;
				PRODUCT_NAME = "$(TARGET_NAME)";
				SWIFT_EMIT_LOC_STRINGS = YES;
				SWIFT_VERSION = 5.0;
				TARGETED_DEVICE_FAMILY = "1,2";
			};
			name = Debug;
		};
		6AF58BF72C64EC4800C65C3B /* Release */ = {
			isa = XCBuildConfiguration;
			buildSettings = {
				ASSETCATALOG_COMPILER_APPICON_NAME = AppIcon;
				ASSETCATALOG_COMPILER_GLOBAL_ACCENT_COLOR_NAME = AccentColor;
				CODE_SIGN_STYLE = Automatic;
				CURRENT_PROJECT_VERSION = 1;
				DEVELOPMENT_TEAM = 244RFX44WS;
				GENERATE_INFOPLIST_FILE = YES;
				INFOPLIST_FILE = TableViewIndex/Info.plist;
				INFOPLIST_KEY_UIApplicationSupportsIndirectInputEvents = YES;
				INFOPLIST_KEY_UILaunchStoryboardName = LaunchScreen;
				INFOPLIST_KEY_UIMainStoryboardFile = Main;
				INFOPLIST_KEY_UISupportedInterfaceOrientations_iPad = "UIInterfaceOrientationPortrait UIInterfaceOrientationPortraitUpsideDown UIInterfaceOrientationLandscapeLeft UIInterfaceOrientationLandscapeRight";
				INFOPLIST_KEY_UISupportedInterfaceOrientations_iPhone = "UIInterfaceOrientationPortrait UIInterfaceOrientationLandscapeLeft UIInterfaceOrientationLandscapeRight";
				LD_RUNPATH_SEARCH_PATHS = (
					"$(inherited)",
					"@executable_path/Frameworks",
				);
				MARKETING_VERSION = 1.0;
				PRODUCT_BUNDLE_IDENTIFIER = Saadet.TableViewIndex;
				PRODUCT_NAME = "$(TARGET_NAME)";
				SWIFT_EMIT_LOC_STRINGS = YES;
				SWIFT_VERSION = 5.0;
				TARGETED_DEVICE_FAMILY = "1,2";
			};
			name = Release;
		};
		6AF58BF92C64EC4800C65C3B /* Debug */ = {
			isa = XCBuildConfiguration;
			buildSettings = {
				ALWAYS_EMBED_SWIFT_STANDARD_LIBRARIES = YES;
				BUNDLE_LOADER = "$(TEST_HOST)";
				CODE_SIGN_STYLE = Automatic;
				CURRENT_PROJECT_VERSION = 1;
				DEVELOPMENT_TEAM = 244RFX44WS;
				GENERATE_INFOPLIST_FILE = YES;
				IPHONEOS_DEPLOYMENT_TARGET = 17.5;
				MARKETING_VERSION = 1.0;
				PRODUCT_BUNDLE_IDENTIFIER = Saadet.TableViewIndexTests;
				PRODUCT_NAME = "$(TARGET_NAME)";
				SWIFT_EMIT_LOC_STRINGS = NO;
				SWIFT_VERSION = 5.0;
				TARGETED_DEVICE_FAMILY = "1,2";
				TEST_HOST = "$(BUILT_PRODUCTS_DIR)/TableViewIndex.app/$(BUNDLE_EXECUTABLE_FOLDER_PATH)/TableViewIndex";
			};
			name = Debug;
		};
		6AF58BFA2C64EC4800C65C3B /* Release */ = {
			isa = XCBuildConfiguration;
			buildSettings = {
				ALWAYS_EMBED_SWIFT_STANDARD_LIBRARIES = YES;
				BUNDLE_LOADER = "$(TEST_HOST)";
				CODE_SIGN_STYLE = Automatic;
				CURRENT_PROJECT_VERSION = 1;
				DEVELOPMENT_TEAM = 244RFX44WS;
				GENERATE_INFOPLIST_FILE = YES;
				IPHONEOS_DEPLOYMENT_TARGET = 17.5;
				MARKETING_VERSION = 1.0;
				PRODUCT_BUNDLE_IDENTIFIER = Saadet.TableViewIndexTests;
				PRODUCT_NAME = "$(TARGET_NAME)";
				SWIFT_EMIT_LOC_STRINGS = NO;
				SWIFT_VERSION = 5.0;
				TARGETED_DEVICE_FAMILY = "1,2";
				TEST_HOST = "$(BUILT_PRODUCTS_DIR)/TableViewIndex.app/$(BUNDLE_EXECUTABLE_FOLDER_PATH)/TableViewIndex";
			};
			name = Release;
		};
		6AF58BFC2C64EC4800C65C3B /* Debug */ = {
			isa = XCBuildConfiguration;
			buildSettings = {
				ALWAYS_EMBED_SWIFT_STANDARD_LIBRARIES = YES;
				CODE_SIGN_STYLE = Automatic;
				CURRENT_PROJECT_VERSION = 1;
				DEVELOPMENT_TEAM = 244RFX44WS;
				GENERATE_INFOPLIST_FILE = YES;
				MARKETING_VERSION = 1.0;
				PRODUCT_BUNDLE_IDENTIFIER = Saadet.TableViewIndexUITests;
				PRODUCT_NAME = "$(TARGET_NAME)";
				SWIFT_EMIT_LOC_STRINGS = NO;
				SWIFT_VERSION = 5.0;
				TARGETED_DEVICE_FAMILY = "1,2";
				TEST_TARGET_NAME = TableViewIndex;
			};
			name = Debug;
		};
		6AF58BFD2C64EC4800C65C3B /* Release */ = {
			isa = XCBuildConfiguration;
			buildSettings = {
				ALWAYS_EMBED_SWIFT_STANDARD_LIBRARIES = YES;
				CODE_SIGN_STYLE = Automatic;
				CURRENT_PROJECT_VERSION = 1;
				DEVELOPMENT_TEAM = 244RFX44WS;
				GENERATE_INFOPLIST_FILE = YES;
				MARKETING_VERSION = 1.0;
				PRODUCT_BUNDLE_IDENTIFIER = Saadet.TableViewIndexUITests;
				PRODUCT_NAME = "$(TARGET_NAME)";
				SWIFT_EMIT_LOC_STRINGS = NO;
				SWIFT_VERSION = 5.0;
				TARGETED_DEVICE_FAMILY = "1,2";
				TEST_TARGET_NAME = TableViewIndex;
			};
			name = Release;
		};
/* End XCBuildConfiguration section */

/* Begin XCConfigurationList section */
		6AF58BC62C64EC4700C65C3B /* Build configuration list for PBXProject "TableViewIndex" */ = {
			isa = XCConfigurationList;
			buildConfigurations = (
				6AF58BF32C64EC4800C65C3B /* Debug */,
				6AF58BF42C64EC4800C65C3B /* Release */,
			);
			defaultConfigurationIsVisible = 0;
			defaultConfigurationName = Release;
		};
		6AF58BF52C64EC4800C65C3B /* Build configuration list for PBXNativeTarget "TableViewIndex" */ = {
			isa = XCConfigurationList;
			buildConfigurations = (
				6AF58BF62C64EC4800C65C3B /* Debug */,
				6AF58BF72C64EC4800C65C3B /* Release */,
			);
			defaultConfigurationIsVisible = 0;
			defaultConfigurationName = Release;
		};
		6AF58BF82C64EC4800C65C3B /* Build configuration list for PBXNativeTarget "TableViewIndexTests" */ = {
			isa = XCConfigurationList;
			buildConfigurations = (
				6AF58BF92C64EC4800C65C3B /* Debug */,
				6AF58BFA2C64EC4800C65C3B /* Release */,
			);
			defaultConfigurationIsVisible = 0;
			defaultConfigurationName = Release;
		};
		6AF58BFB2C64EC4800C65C3B /* Build configuration list for PBXNativeTarget "TableViewIndexUITests" */ = {
			isa = XCConfigurationList;
			buildConfigurations = (
				6AF58BFC2C64EC4800C65C3B /* Debug */,
				6AF58BFD2C64EC4800C65C3B /* Release */,
			);
			defaultConfigurationIsVisible = 0;
			defaultConfigurationName = Release;
		};
/* End XCConfigurationList section */
	};
	rootObject = 6AF58BC32C64EC4700C65C3B /* Project object */;
}
